
Microsoft Visual Studio Solution File, Format Version 12.00
# Visual Studio 15
VisualStudioVersion = 15.0.28307.2017
MinimumVisualStudioVersion = 10.0.40219.1
Project("{FAE04EC0-301F-11D3-BF4B-00C04F79EFBC}") = "bettercalculator", "bettercalculator\bettercalculator.csproj", "{8D3E7FC3-C2A5-4664-96F6-D8EF7D8AD8BA}"
EndProject
Global
	GlobalSection(SolutionConfigurationPlatforms) = preSolution
		Debug|Any CPU = Debug|Any CPU
		Release|Any CPU = Release|Any CPU
	EndGlobalSection
	GlobalSection(ProjectConfigurationPlatforms) = postSolution
		{8D3E7FC3-C2A5-4664-96F6-D8EF7D8AD8BA}.Debug|Any CPU.ActiveCfg = Debug|Any CPU
		{8D3E7FC3-C2A5-4664-96F6-D8EF7D8AD8BA}.Debug|Any CPU.Build.0 = Debug|Any CPU
		{8D3E7FC3-C2A5-4664-96F6-D8EF7D8AD8BA}.Release|Any CPU.ActiveCfg = Release|Any CPU
		{8D3E7FC3-C2A5-4664-96F6-D8EF7D8AD8BA}.Release|Any CPU.Build.0 = Release|Any CPU
	EndGlobalSection
	GlobalSection(SolutionProperties) = preSolution
		HideSolutionNode = FALSE
	EndGlobalSection
	GlobalSection(ExtensibilityGlobals) = postSolution
		SolutionGuid = {84705E91-1BA5-4D48-8846-52AD43308D92}
	EndGlobalSection
EndGlobal
